
Microsoft Visual Studio Solution File, Format Version 12.00
# Visual Studio Version 17
VisualStudioVersion = 17.14.36414.22 d17.14
MinimumVisualStudioVersion = 10.0.40219.1
Project("{FAE04EC0-301F-11D3-BF4B-00C04F79EFBC}") = "LibraryManagement2", "LibraryManagement2.csproj", "{BDFF3A60-8193-4B13-9A92-673A7AC459FA}"
EndProject
Global
	GlobalSection(SolutionConfigurationPlatforms) = preSolution
		Debug|Any CPU = Debug|Any CPU
		Release|Any CPU = Release|Any CPU
	EndGlobalSection
	GlobalSection(ProjectConfigurationPlatforms) = postSolution
		{BDFF3A60-8193-4B13-9A92-673A7AC459FA}.Debug|Any CPU.ActiveCfg = Debug|Any CPU
		{BDFF3A60-8193-4B13-9A92-673A7AC459FA}.Debug|Any CPU.Build.0 = Debug|Any CPU
		{BDFF3A60-8193-4B13-9A92-673A7AC459FA}.Release|Any CPU.ActiveCfg = Release|Any CPU
		{BDFF3A60-8193-4B13-9A92-673A7AC459FA}.Release|Any CPU.Build.0 = Release|Any CPU
	EndGlobalSection
	GlobalSection(SolutionProperties) = preSolution
		HideSolutionNode = FALSE
	EndGlobalSection
	GlobalSection(ExtensibilityGlobals) = postSolution
		SolutionGuid = {3608C2D7-E098-47C9-B592-4C8728100D65}
	EndGlobalSection
EndGlobal
