
Microsoft Visual Studio Solution File, Format Version 12.00
# Visual Studio Version 17
VisualStudioVersion = 17.14.36301.6 d17.14
MinimumVisualStudioVersion = 10.0.40219.1
Project("{FAE04EC0-301F-11D3-BF4B-00C04F79EFBC}") = "qlythuvien", "qlythuvien.csproj", "{241ED0CE-AF41-4EB2-B188-B1810380AC70}"
EndProject
Global
	GlobalSection(SolutionConfigurationPlatforms) = preSolution
		Debug|Any CPU = Debug|Any CPU
		Release|Any CPU = Release|Any CPU
	EndGlobalSection
	GlobalSection(ProjectConfigurationPlatforms) = postSolution
		{241ED0CE-AF41-4EB2-B188-B1810380AC70}.Debug|Any CPU.ActiveCfg = Debug|Any CPU
		{241ED0CE-AF41-4EB2-B188-B1810380AC70}.Debug|Any CPU.Build.0 = Debug|Any CPU
		{241ED0CE-AF41-4EB2-B188-B1810380AC70}.Release|Any CPU.ActiveCfg = Release|Any CPU
		{241ED0CE-AF41-4EB2-B188-B1810380AC70}.Release|Any CPU.Build.0 = Release|Any CPU
	EndGlobalSection
	GlobalSection(SolutionProperties) = preSolution
		HideSolutionNode = FALSE
	EndGlobalSection
	GlobalSection(ExtensibilityGlobals) = postSolution
		SolutionGuid = {EF949E98-382B-4533-BEC4-A7BAA8DD0880}
	EndGlobalSection
EndGlobal
